
Microsoft Visual Studio Solution File, Format Version 12.00
# Visual Studio Version 16
VisualStudioVersion = 16.0.31424.327
MinimumVisualStudioVersion = 10.0.40219.1
Project("{FAE04EC0-301F-11D3-BF4B-00C04F79EFBC}") = "copy-counterparty-app", "copy-counterparty-app\copy-counterparty-app.csproj", "{928A542A-5E31-4A2B-8AB9-F5E1FAE0DD5B}"
EndProject
Global
	GlobalSection(SolutionConfigurationPlatforms) = preSolution
		Debug|Any CPU = Debug|Any CPU
		Release|Any CPU = Release|Any CPU
	EndGlobalSection
	GlobalSection(ProjectConfigurationPlatforms) = postSolution
		{928A542A-5E31-4A2B-8AB9-F5E1FAE0DD5B}.Debug|Any CPU.ActiveCfg = Debug|Any CPU
		{928A542A-5E31-4A2B-8AB9-F5E1FAE0DD5B}.Debug|Any CPU.Build.0 = Debug|Any CPU
		{928A542A-5E31-4A2B-8AB9-F5E1FAE0DD5B}.Release|Any CPU.ActiveCfg = Release|Any CPU
		{928A542A-5E31-4A2B-8AB9-F5E1FAE0DD5B}.Release|Any CPU.Build.0 = Release|Any CPU
	EndGlobalSection
	GlobalSection(SolutionProperties) = preSolution
		HideSolutionNode = FALSE
	EndGlobalSection
	GlobalSection(ExtensibilityGlobals) = postSolution
		SolutionGuid = {62FF3995-0033-4352-90DD-677FC18C3171}
	EndGlobalSection
EndGlobal
